
Microsoft Visual Studio Solution File, Format Version 11.00
# Visual Studio 2010
# SharpDevelop 5.1
Project("{FAE04EC0-301F-11D3-BF4B-00C04F79EFBC}") = "Walidator PESEL", "Walidator PESEL\Walidator PESEL.csproj", "{7C5B5602-8C84-4A8B-A8C5-74630B980805}"
EndProject
Global
	GlobalSection(SolutionConfigurationPlatforms) = preSolution
		Debug|Any CPU = Debug|Any CPU
		Release|Any CPU = Release|Any CPU
	EndGlobalSection
	GlobalSection(ProjectConfigurationPlatforms) = postSolution
		{7C5B5602-8C84-4A8B-A8C5-74630B980805}.Debug|Any CPU.ActiveCfg = Debug|Any CPU
		{7C5B5602-8C84-4A8B-A8C5-74630B980805}.Debug|Any CPU.Build.0 = Debug|Any CPU
		{7C5B5602-8C84-4A8B-A8C5-74630B980805}.Release|Any CPU.ActiveCfg = Release|Any CPU
		{7C5B5602-8C84-4A8B-A8C5-74630B980805}.Release|Any CPU.Build.0 = Release|Any CPU
	EndGlobalSection
EndGlobal
